// !$*UTF8*$!
{
	archiveVersion = 1;
	classes = {
	};
	objectVersion = 46;
	objects = {

/* Begin PBXBuildFile section */
		B3E7B58A1CC2AC0600A0062D /* RNVisenzeBridge.m in Sources */ = {isa = PBXBuildFile; fileRef = B3E7B5891CC2AC0600A0062D /* RNVisenzeBridge.m */; };
		BD7D57FE2087335000D21B48 /* NSString+HMAC_SHA1.m in Sources */ = {isa = PBXBuildFile; fileRef = BD7D57D22087335000D21B48 /* NSString+HMAC_SHA1.m */; };
		BD7D57FF2087335000D21B48 /* ViSearchAPI.m in Sources */ = {isa = PBXBuildFile; fileRef = BD7D57D42087335000D21B48 /* ViSearchAPI.m */; };
		BD7D58002087335000D21B48 /* BaseSearchParams.m in Sources */ = {isa = PBXBuildFile; fileRef = BD7D57D72087335000D21B48 /* BaseSearchParams.m */; };
		BD7D58012087335000D21B48 /* Box.m in Sources */ = {isa = PBXBuildFile; fileRef = BD7D57D92087335000D21B48 /* Box.m */; };
		BD7D58022087335000D21B48 /* ColorSearchParams.m in Sources */ = {isa = PBXBuildFile; fileRef = BD7D57DB2087335000D21B48 /* ColorSearchParams.m */; };
		BD7D58032087335000D21B48 /* ImageSettings.m in Sources */ = {isa = PBXBuildFile; fileRef = BD7D57DD2087335000D21B48 /* ImageSettings.m */; };
		BD7D58042087335000D21B48 /* SearchParams.m in Sources */ = {isa = PBXBuildFile; fileRef = BD7D57DF2087335000D21B48 /* SearchParams.m */; };
		BD7D58052087335000D21B48 /* TrackParams.m in Sources */ = {isa = PBXBuildFile; fileRef = BD7D57E12087335000D21B48 /* TrackParams.m */; };
		BD7D58062087335000D21B48 /* UidHelper.m in Sources */ = {isa = PBXBuildFile; fileRef = BD7D57E32087335000D21B48 /* UidHelper.m */; };
		BD7D58072087335000D21B48 /* UploadSearchParams.m in Sources */ = {isa = PBXBuildFile; fileRef = BD7D57E52087335000D21B48 /* UploadSearchParams.m */; };
		BD7D58082087335000D21B48 /* ViSearchBasicHandler.m in Sources */ = {isa = PBXBuildFile; fileRef = BD7D57E72087335000D21B48 /* ViSearchBasicHandler.m */; };
		BD7D58092087335000D21B48 /* ViSearchClient.m in Sources */ = {isa = PBXBuildFile; fileRef = BD7D57E92087335000D21B48 /* ViSearchClient.m */; };
		BD7D580A2087335000D21B48 /* ViSearchHandler.m in Sources */ = {isa = PBXBuildFile; fileRef = BD7D57EB2087335000D21B48 /* ViSearchHandler.m */; };
		BD7D580B2087335000D21B48 /* ViSearchImageUploadHandler.m in Sources */ = {isa = PBXBuildFile; fileRef = BD7D57ED2087335000D21B48 /* ViSearchImageUploadHandler.m */; };
		BD7D580C2087335000D21B48 /* ViTrackHandler.m in Sources */ = {isa = PBXBuildFile; fileRef = BD7D57EF2087335000D21B48 /* ViTrackHandler.m */; };
		BD7D580D2087335000D21B48 /* ImageResult.m in Sources */ = {isa = PBXBuildFile; fileRef = BD7D57F32087335000D21B48 /* ImageResult.m */; };
		BD7D580E2087335000D21B48 /* ViSearchError.m in Sources */ = {isa = PBXBuildFile; fileRef = BD7D57F52087335000D21B48 /* ViSearchError.m */; };
		BD7D580F2087335000D21B48 /* ViSearchObjectResult.m in Sources */ = {isa = PBXBuildFile; fileRef = BD7D57F72087335000D21B48 /* ViSearchObjectResult.m */; };
		BD7D58102087335000D21B48 /* ViSearchObjectType.m in Sources */ = {isa = PBXBuildFile; fileRef = BD7D57F92087335000D21B48 /* ViSearchObjectType.m */; };
		BD7D58112087335000D21B48 /* ViSearchProductType.m in Sources */ = {isa = PBXBuildFile; fileRef = BD7D57FB2087335000D21B48 /* ViSearchProductType.m */; };
		BD7D58122087335000D21B48 /* ViSearchResult.m in Sources */ = {isa = PBXBuildFile; fileRef = BD7D57FD2087335000D21B48 /* ViSearchResult.m */; };
/* End PBXBuildFile section */

/* Begin PBXCopyFilesBuildPhase section */
		58B511D91A9E6C8500147676 /* CopyFiles */ = {
			isa = PBXCopyFilesBuildPhase;
			buildActionMask = 2147483647;
			dstPath = "include/$(PRODUCT_NAME)";
			dstSubfolderSpec = 16;
			files = (
			);
			runOnlyForDeploymentPostprocessing = 0;
		};
/* End PBXCopyFilesBuildPhase section */

/* Begin PBXFileReference section */
		134814201AA4EA6300B7C361 /* libRNVisenzeBridge.a */ = {isa = PBXFileReference; explicitFileType = archive.ar; includeInIndex = 0; path = libRNVisenzeBridge.a; sourceTree = BUILT_PRODUCTS_DIR; };
		B3E7B5881CC2AC0600A0062D /* RNVisenzeBridge.h */ = {isa = PBXFileReference; fileEncoding = 4; lastKnownFileType = sourcecode.c.h; path = RNVisenzeBridge.h; sourceTree = "<group>"; };
		B3E7B5891CC2AC0600A0062D /* RNVisenzeBridge.m */ = {isa = PBXFileReference; fileEncoding = 4; lastKnownFileType = sourcecode.c.objc; path = RNVisenzeBridge.m; sourceTree = "<group>"; };
		BD7D57D12087335000D21B48 /* NSString+HMAC_SHA1.h */ = {isa = PBXFileReference; fileEncoding = 4; lastKnownFileType = sourcecode.c.h; path = "NSString+HMAC_SHA1.h"; sourceTree = "<group>"; };
		BD7D57D22087335000D21B48 /* NSString+HMAC_SHA1.m */ = {isa = PBXFileReference; fileEncoding = 4; lastKnownFileType = sourcecode.c.objc; path = "NSString+HMAC_SHA1.m"; sourceTree = "<group>"; };
		BD7D57D32087335000D21B48 /* ViSearchAPI.h */ = {isa = PBXFileReference; fileEncoding = 4; lastKnownFileType = sourcecode.c.h; path = ViSearchAPI.h; sourceTree = "<group>"; };
		BD7D57D42087335000D21B48 /* ViSearchAPI.m */ = {isa = PBXFileReference; fileEncoding = 4; lastKnownFileType = sourcecode.c.objc; path = ViSearchAPI.m; sourceTree = "<group>"; };
		BD7D57D62087335000D21B48 /* BaseSearchParams.h */ = {isa = PBXFileReference; fileEncoding = 4; lastKnownFileType = sourcecode.c.h; path = BaseSearchParams.h; sourceTree = "<group>"; };
		BD7D57D72087335000D21B48 /* BaseSearchParams.m */ = {isa = PBXFileReference; fileEncoding = 4; lastKnownFileType = sourcecode.c.objc; path = BaseSearchParams.m; sourceTree = "<group>"; };
		BD7D57D82087335000D21B48 /* Box.h */ = {isa = PBXFileReference; fileEncoding = 4; lastKnownFileType = sourcecode.c.h; path = Box.h; sourceTree = "<group>"; };
		BD7D57D92087335000D21B48 /* Box.m */ = {isa = PBXFileReference; fileEncoding = 4; lastKnownFileType = sourcecode.c.objc; path = Box.m; sourceTree = "<group>"; };
		BD7D57DA2087335000D21B48 /* ColorSearchParams.h */ = {isa = PBXFileReference; fileEncoding = 4; lastKnownFileType = sourcecode.c.h; path = ColorSearchParams.h; sourceTree = "<group>"; };
		BD7D57DB2087335000D21B48 /* ColorSearchParams.m */ = {isa = PBXFileReference; fileEncoding = 4; lastKnownFileType = sourcecode.c.objc; path = ColorSearchParams.m; sourceTree = "<group>"; };
		BD7D57DC2087335000D21B48 /* ImageSettings.h */ = {isa = PBXFileReference; fileEncoding = 4; lastKnownFileType = sourcecode.c.h; path = ImageSettings.h; sourceTree = "<group>"; };
		BD7D57DD2087335000D21B48 /* ImageSettings.m */ = {isa = PBXFileReference; fileEncoding = 4; lastKnownFileType = sourcecode.c.objc; path = ImageSettings.m; sourceTree = "<group>"; };
		BD7D57DE2087335000D21B48 /* SearchParams.h */ = {isa = PBXFileReference; fileEncoding = 4; lastKnownFileType = sourcecode.c.h; path = SearchParams.h; sourceTree = "<group>"; };
		BD7D57DF2087335000D21B48 /* SearchParams.m */ = {isa = PBXFileReference; fileEncoding = 4; lastKnownFileType = sourcecode.c.objc; path = SearchParams.m; sourceTree = "<group>"; };
		BD7D57E02087335000D21B48 /* TrackParams.h */ = {isa = PBXFileReference; fileEncoding = 4; lastKnownFileType = sourcecode.c.h; path = TrackParams.h; sourceTree = "<group>"; };
		BD7D57E12087335000D21B48 /* TrackParams.m */ = {isa = PBXFileReference; fileEncoding = 4; lastKnownFileType = sourcecode.c.objc; path = TrackParams.m; sourceTree = "<group>"; };
		BD7D57E22087335000D21B48 /* UidHelper.h */ = {isa = PBXFileReference; fileEncoding = 4; lastKnownFileType = sourcecode.c.h; path = UidHelper.h; sourceTree = "<group>"; };
		BD7D57E32087335000D21B48 /* UidHelper.m */ = {isa = PBXFileReference; fileEncoding = 4; lastKnownFileType = sourcecode.c.objc; path = UidHelper.m; sourceTree = "<group>"; };
		BD7D57E42087335000D21B48 /* UploadSearchParams.h */ = {isa = PBXFileReference; fileEncoding = 4; lastKnownFileType = sourcecode.c.h; path = UploadSearchParams.h; sourceTree = "<group>"; };
		BD7D57E52087335000D21B48 /* UploadSearchParams.m */ = {isa = PBXFileReference; fileEncoding = 4; lastKnownFileType = sourcecode.c.objc; path = UploadSearchParams.m; sourceTree = "<group>"; };
		BD7D57E62087335000D21B48 /* ViSearchBasicHandler.h */ = {isa = PBXFileReference; fileEncoding = 4; lastKnownFileType = sourcecode.c.h; path = ViSearchBasicHandler.h; sourceTree = "<group>"; };
		BD7D57E72087335000D21B48 /* ViSearchBasicHandler.m */ = {isa = PBXFileReference; fileEncoding = 4; lastKnownFileType = sourcecode.c.objc; path = ViSearchBasicHandler.m; sourceTree = "<group>"; };
		BD7D57E82087335000D21B48 /* ViSearchClient.h */ = {isa = PBXFileReference; fileEncoding = 4; lastKnownFileType = sourcecode.c.h; path = ViSearchClient.h; sourceTree = "<group>"; };
		BD7D57E92087335000D21B48 /* ViSearchClient.m */ = {isa = PBXFileReference; fileEncoding = 4; lastKnownFileType = sourcecode.c.objc; path = ViSearchClient.m; sourceTree = "<group>"; };
		BD7D57EA2087335000D21B48 /* ViSearchHandler.h */ = {isa = PBXFileReference; fileEncoding = 4; lastKnownFileType = sourcecode.c.h; path = ViSearchHandler.h; sourceTree = "<group>"; };
		BD7D57EB2087335000D21B48 /* ViSearchHandler.m */ = {isa = PBXFileReference; fileEncoding = 4; lastKnownFileType = sourcecode.c.objc; path = ViSearchHandler.m; sourceTree = "<group>"; };
		BD7D57EC2087335000D21B48 /* ViSearchImageUploadHandler.h */ = {isa = PBXFileReference; fileEncoding = 4; lastKnownFileType = sourcecode.c.h; path = ViSearchImageUploadHandler.h; sourceTree = "<group>"; };
		BD7D57ED2087335000D21B48 /* ViSearchImageUploadHandler.m */ = {isa = PBXFileReference; fileEncoding = 4; lastKnownFileType = sourcecode.c.objc; path = ViSearchImageUploadHandler.m; sourceTree = "<group>"; };
		BD7D57EE2087335000D21B48 /* ViTrackHandler.h */ = {isa = PBXFileReference; fileEncoding = 4; lastKnownFileType = sourcecode.c.h; path = ViTrackHandler.h; sourceTree = "<group>"; };
		BD7D57EF2087335000D21B48 /* ViTrackHandler.m */ = {isa = PBXFileReference; fileEncoding = 4; lastKnownFileType = sourcecode.c.objc; path = ViTrackHandler.m; sourceTree = "<group>"; };
		BD7D57F02087335000D21B48 /* ViVersion.h */ = {isa = PBXFileReference; fileEncoding = 4; lastKnownFileType = sourcecode.c.h; path = ViVersion.h; sourceTree = "<group>"; };
		BD7D57F22087335000D21B48 /* ImageResult.h */ = {isa = PBXFileReference; fileEncoding = 4; lastKnownFileType = sourcecode.c.h; path = ImageResult.h; sourceTree = "<group>"; };
		BD7D57F32087335000D21B48 /* ImageResult.m */ = {isa = PBXFileReference; fileEncoding = 4; lastKnownFileType = sourcecode.c.objc; path = ImageResult.m; sourceTree = "<group>"; };
		BD7D57F42087335000D21B48 /* ViSearchError.h */ = {isa = PBXFileReference; fileEncoding = 4; lastKnownFileType = sourcecode.c.h; path = ViSearchError.h; sourceTree = "<group>"; };
		BD7D57F52087335000D21B48 /* ViSearchError.m */ = {isa = PBXFileReference; fileEncoding = 4; lastKnownFileType = sourcecode.c.objc; path = ViSearchError.m; sourceTree = "<group>"; };
		BD7D57F62087335000D21B48 /* ViSearchObjectResult.h */ = {isa = PBXFileReference; fileEncoding = 4; lastKnownFileType = sourcecode.c.h; path = ViSearchObjectResult.h; sourceTree = "<group>"; };
		BD7D57F72087335000D21B48 /* ViSearchObjectResult.m */ = {isa = PBXFileReference; fileEncoding = 4; lastKnownFileType = sourcecode.c.objc; path = ViSearchObjectResult.m; sourceTree = "<group>"; };
		BD7D57F82087335000D21B48 /* ViSearchObjectType.h */ = {isa = PBXFileReference; fileEncoding = 4; lastKnownFileType = sourcecode.c.h; path = ViSearchObjectType.h; sourceTree = "<group>"; };
		BD7D57F92087335000D21B48 /* ViSearchObjectType.m */ = {isa = PBXFileReference; fileEncoding = 4; lastKnownFileType = sourcecode.c.objc; path = ViSearchObjectType.m; sourceTree = "<group>"; };
		BD7D57FA2087335000D21B48 /* ViSearchProductType.h */ = {isa = PBXFileReference; fileEncoding = 4; lastKnownFileType = sourcecode.c.h; path = ViSearchProductType.h; sourceTree = "<group>"; };
		BD7D57FB2087335000D21B48 /* ViSearchProductType.m */ = {isa = PBXFileReference; fileEncoding = 4; lastKnownFileType = sourcecode.c.objc; path = ViSearchProductType.m; sourceTree = "<group>"; };
		BD7D57FC2087335000D21B48 /* ViSearchResult.h */ = {isa = PBXFileReference; fileEncoding = 4; lastKnownFileType = sourcecode.c.h; path = ViSearchResult.h; sourceTree = "<group>"; };
		BD7D57FD2087335000D21B48 /* ViSearchResult.m */ = {isa = PBXFileReference; fileEncoding = 4; lastKnownFileType = sourcecode.c.objc; path = ViSearchResult.m; sourceTree = "<group>"; };
/* End PBXFileReference section */

/* Begin PBXFrameworksBuildPhase section */
		58B511D81A9E6C8500147676 /* Frameworks */ = {
			isa = PBXFrameworksBuildPhase;
			buildActionMask = 2147483647;
			files = (
			);
			runOnlyForDeploymentPostprocessing = 0;
		};
/* End PBXFrameworksBuildPhase section */

/* Begin PBXGroup section */
		134814211AA4EA7D00B7C361 /* Products */ = {
			isa = PBXGroup;
			children = (
				134814201AA4EA6300B7C361 /* libRNVisenzeBridge.a */,
			);
			name = Products;
			sourceTree = "<group>";
		};
		58B511D21A9E6C8500147676 = {
			isa = PBXGroup;
			children = (
				BD7D57CF2087335000D21B48 /* ViSearchSDK */,
				B3E7B5881CC2AC0600A0062D /* RNVisenzeBridge.h */,
				B3E7B5891CC2AC0600A0062D /* RNVisenzeBridge.m */,
				134814211AA4EA7D00B7C361 /* Products */,
			);
			sourceTree = "<group>";
		};
		BD7D57CF2087335000D21B48 /* ViSearchSDK */ = {
			isa = PBXGroup;
			children = (
				BD7D57D02087335000D21B48 /* HMAC_SHA1 */,
				BD7D57D32087335000D21B48 /* ViSearchAPI.h */,
				BD7D57D42087335000D21B48 /* ViSearchAPI.m */,
				BD7D57D52087335000D21B48 /* ViSearchAPISource */,
				BD7D57F12087335000D21B48 /* ViSearchResult */,
			);
			path = ViSearchSDK;
			sourceTree = "<group>";
		};
		BD7D57D02087335000D21B48 /* HMAC_SHA1 */ = {
			isa = PBXGroup;
			children = (
				BD7D57D12087335000D21B48 /* NSString+HMAC_SHA1.h */,
				BD7D57D22087335000D21B48 /* NSString+HMAC_SHA1.m */,
			);
			path = HMAC_SHA1;
			sourceTree = "<group>";
		};
		BD7D57D52087335000D21B48 /* ViSearchAPISource */ = {
			isa = PBXGroup;
			children = (
				BD7D57D62087335000D21B48 /* BaseSearchParams.h */,
				BD7D57D72087335000D21B48 /* BaseSearchParams.m */,
				BD7D57D82087335000D21B48 /* Box.h */,
				BD7D57D92087335000D21B48 /* Box.m */,
				BD7D57DA2087335000D21B48 /* ColorSearchParams.h */,
				BD7D57DB2087335000D21B48 /* ColorSearchParams.m */,
				BD7D57DC2087335000D21B48 /* ImageSettings.h */,
				BD7D57DD2087335000D21B48 /* ImageSettings.m */,
				BD7D57DE2087335000D21B48 /* SearchParams.h */,
				BD7D57DF2087335000D21B48 /* SearchParams.m */,
				BD7D57E02087335000D21B48 /* TrackParams.h */,
				BD7D57E12087335000D21B48 /* TrackParams.m */,
				BD7D57E22087335000D21B48 /* UidHelper.h */,
				BD7D57E32087335000D21B48 /* UidHelper.m */,
				BD7D57E42087335000D21B48 /* UploadSearchParams.h */,
				BD7D57E52087335000D21B48 /* UploadSearchParams.m */,
				BD7D57E62087335000D21B48 /* ViSearchBasicHandler.h */,
				BD7D57E72087335000D21B48 /* ViSearchBasicHandler.m */,
				BD7D57E82087335000D21B48 /* ViSearchClient.h */,
				BD7D57E92087335000D21B48 /* ViSearchClient.m */,
				BD7D57EA2087335000D21B48 /* ViSearchHandler.h */,
				BD7D57EB2087335000D21B48 /* ViSearchHandler.m */,
				BD7D57EC2087335000D21B48 /* ViSearchImageUploadHandler.h */,
				BD7D57ED2087335000D21B48 /* ViSearchImageUploadHandler.m */,
				BD7D57EE2087335000D21B48 /* ViTrackHandler.h */,
				BD7D57EF2087335000D21B48 /* ViTrackHandler.m */,
				BD7D57F02087335000D21B48 /* ViVersion.h */,
			);
			path = ViSearchAPISource;
			sourceTree = "<group>";
		};
		BD7D57F12087335000D21B48 /* ViSearchResult */ = {
			isa = PBXGroup;
			children = (
				BD7D57F22087335000D21B48 /* ImageResult.h */,
				BD7D57F32087335000D21B48 /* ImageResult.m */,
				BD7D57F42087335000D21B48 /* ViSearchError.h */,
				BD7D57F52087335000D21B48 /* ViSearchError.m */,
				BD7D57F62087335000D21B48 /* ViSearchObjectResult.h */,
				BD7D57F72087335000D21B48 /* ViSearchObjectResult.m */,
				BD7D57F82087335000D21B48 /* ViSearchObjectType.h */,
				BD7D57F92087335000D21B48 /* ViSearchObjectType.m */,
				BD7D57FA2087335000D21B48 /* ViSearchProductType.h */,
				BD7D57FB2087335000D21B48 /* ViSearchProductType.m */,
				BD7D57FC2087335000D21B48 /* ViSearchResult.h */,
				BD7D57FD2087335000D21B48 /* ViSearchResult.m */,
			);
			path = ViSearchResult;
			sourceTree = "<group>";
		};
/* End PBXGroup section */

/* Begin PBXNativeTarget section */
		58B511DA1A9E6C8500147676 /* RNVisenzeBridge */ = {
			isa = PBXNativeTarget;
			buildConfigurationList = 58B511EF1A9E6C8500147676 /* Build configuration list for PBXNativeTarget "RNVisenzeBridge" */;
			buildPhases = (
				58B511D71A9E6C8500147676 /* Sources */,
				58B511D81A9E6C8500147676 /* Frameworks */,
				58B511D91A9E6C8500147676 /* CopyFiles */,
			);
			buildRules = (
			);
			dependencies = (
			);
			name = RNVisenzeBridge;
			productName = RCTDataManager;
			productReference = 134814201AA4EA6300B7C361 /* libRNVisenzeBridge.a */;
			productType = "com.apple.product-type.library.static";
		};
/* End PBXNativeTarget section */

/* Begin PBXProject section */
		58B511D31A9E6C8500147676 /* Project object */ = {
			isa = PBXProject;
			attributes = {
				LastUpgradeCheck = 0830;
				ORGANIZATIONNAME = Facebook;
				TargetAttributes = {
					58B511DA1A9E6C8500147676 = {
						CreatedOnToolsVersion = 6.1.1;
					};
				};
			};
			buildConfigurationList = 58B511D61A9E6C8500147676 /* Build configuration list for PBXProject "RNVisenzeBridge" */;
			compatibilityVersion = "Xcode 3.2";
			developmentRegion = English;
			hasScannedForEncodings = 0;
			knownRegions = (
				en,
			);
			mainGroup = 58B511D21A9E6C8500147676;
			productRefGroup = 58B511D21A9E6C8500147676;
			projectDirPath = "";
			projectRoot = "";
			targets = (
				58B511DA1A9E6C8500147676 /* RNVisenzeBridge */,
			);
		};
/* End PBXProject section */

/* Begin PBXSourcesBuildPhase section */
		58B511D71A9E6C8500147676 /* Sources */ = {
			isa = PBXSourcesBuildPhase;
			buildActionMask = 2147483647;
			files = (
				BD7D58032087335000D21B48 /* ImageSettings.m in Sources */,
				BD7D580A2087335000D21B48 /* ViSearchHandler.m in Sources */,
				BD7D580B2087335000D21B48 /* ViSearchImageUploadHandler.m in Sources */,
				BD7D580E2087335000D21B48 /* ViSearchError.m in Sources */,
				BD7D58012087335000D21B48 /* Box.m in Sources */,
				BD7D58102087335000D21B48 /* ViSearchObjectType.m in Sources */,
				BD7D58062087335000D21B48 /* UidHelper.m in Sources */,
				BD7D58022087335000D21B48 /* ColorSearchParams.m in Sources */,
				BD7D58042087335000D21B48 /* SearchParams.m in Sources */,
				BD7D57FF2087335000D21B48 /* ViSearchAPI.m in Sources */,
				BD7D580F2087335000D21B48 /* ViSearchObjectResult.m in Sources */,
				BD7D58122087335000D21B48 /* ViSearchResult.m in Sources */,
				BD7D58082087335000D21B48 /* ViSearchBasicHandler.m in Sources */,
				BD7D58092087335000D21B48 /* ViSearchClient.m in Sources */,
				B3E7B58A1CC2AC0600A0062D /* RNVisenzeBridge.m in Sources */,
				BD7D58002087335000D21B48 /* BaseSearchParams.m in Sources */,
				BD7D57FE2087335000D21B48 /* NSString+HMAC_SHA1.m in Sources */,
				BD7D58112087335000D21B48 /* ViSearchProductType.m in Sources */,
				BD7D580C2087335000D21B48 /* ViTrackHandler.m in Sources */,
				BD7D58052087335000D21B48 /* TrackParams.m in Sources */,
				BD7D580D2087335000D21B48 /* ImageResult.m in Sources */,
				BD7D58072087335000D21B48 /* UploadSearchParams.m in Sources */,
			);
			runOnlyForDeploymentPostprocessing = 0;
		};
/* End PBXSourcesBuildPhase section */

/* Begin XCBuildConfiguration section */
		58B511ED1A9E6C8500147676 /* Debug */ = {
			isa = XCBuildConfiguration;
			buildSettings = {
				ALWAYS_SEARCH_USER_PATHS = NO;
				CLANG_CXX_LANGUAGE_STANDARD = "gnu++0x";
				CLANG_CXX_LIBRARY = "libc++";
				CLANG_ENABLE_MODULES = YES;
				CLANG_ENABLE_OBJC_ARC = YES;
				CLANG_WARN_BOOL_CONVERSION = YES;
				CLANG_WARN_CONSTANT_CONVERSION = YES;
				CLANG_WARN_DIRECT_OBJC_ISA_USAGE = YES_ERROR;
				CLANG_WARN_EMPTY_BODY = YES;
				CLANG_WARN_ENUM_CONVERSION = YES;
				CLANG_WARN_INFINITE_RECURSION = YES;
				CLANG_WARN_INT_CONVERSION = YES;
				CLANG_WARN_OBJC_ROOT_CLASS = YES_ERROR;
				CLANG_WARN_SUSPICIOUS_MOVE = YES;
				CLANG_WARN_UNREACHABLE_CODE = YES;
				CLANG_WARN__DUPLICATE_METHOD_MATCH = YES;
				COPY_PHASE_STRIP = NO;
				ENABLE_STRICT_OBJC_MSGSEND = YES;
				ENABLE_TESTABILITY = YES;
				GCC_C_LANGUAGE_STANDARD = gnu99;
				GCC_DYNAMIC_NO_PIC = NO;
				GCC_NO_COMMON_BLOCKS = YES;
				GCC_OPTIMIZATION_LEVEL = 0;
				GCC_PREPROCESSOR_DEFINITIONS = (
					"DEBUG=1",
					"$(inherited)",
				);
				GCC_SYMBOLS_PRIVATE_EXTERN = NO;
				GCC_WARN_64_TO_32_BIT_CONVERSION = YES;
				GCC_WARN_ABOUT_RETURN_TYPE = YES_ERROR;
				GCC_WARN_UNDECLARED_SELECTOR = YES;
				GCC_WARN_UNINITIALIZED_AUTOS = YES_AGGRESSIVE;
				GCC_WARN_UNUSED_FUNCTION = YES;
				GCC_WARN_UNUSED_VARIABLE = YES;
				IPHONEOS_DEPLOYMENT_TARGET = 8.0;
				MTL_ENABLE_DEBUG_INFO = YES;
				ONLY_ACTIVE_ARCH = YES;
				SDKROOT = iphoneos;
			};
			name = Debug;
		};
		58B511EE1A9E6C8500147676 /* Release */ = {
			isa = XCBuildConfiguration;
			buildSettings = {
				ALWAYS_SEARCH_USER_PATHS = NO;
				CLANG_CXX_LANGUAGE_STANDARD = "gnu++0x";
				CLANG_CXX_LIBRARY = "libc++";
				CLANG_ENABLE_MODULES = YES;
				CLANG_ENABLE_OBJC_ARC = YES;
				CLANG_WARN_BOOL_CONVERSION = YES;
				CLANG_WARN_CONSTANT_CONVERSION = YES;
				CLANG_WARN_DIRECT_OBJC_ISA_USAGE = YES_ERROR;
				CLANG_WARN_EMPTY_BODY = YES;
				CLANG_WARN_ENUM_CONVERSION = YES;
				CLANG_WARN_INFINITE_RECURSION = YES;
				CLANG_WARN_INT_CONVERSION = YES;
				CLANG_WARN_OBJC_ROOT_CLASS = YES_ERROR;
				CLANG_WARN_SUSPICIOUS_MOVE = YES;
				CLANG_WARN_UNREACHABLE_CODE = YES;
				CLANG_WARN__DUPLICATE_METHOD_MATCH = YES;
				COPY_PHASE_STRIP = YES;
				ENABLE_NS_ASSERTIONS = NO;
				ENABLE_STRICT_OBJC_MSGSEND = YES;
				GCC_C_LANGUAGE_STANDARD = gnu99;
				GCC_NO_COMMON_BLOCKS = YES;
				GCC_WARN_64_TO_32_BIT_CONVERSION = YES;
				GCC_WARN_ABOUT_RETURN_TYPE = YES_ERROR;
				GCC_WARN_UNDECLARED_SELECTOR = YES;
				GCC_WARN_UNINITIALIZED_AUTOS = YES_AGGRESSIVE;
				GCC_WARN_UNUSED_FUNCTION = YES;
				GCC_WARN_UNUSED_VARIABLE = YES;
				IPHONEOS_DEPLOYMENT_TARGET = 8.0;
				MTL_ENABLE_DEBUG_INFO = NO;
				SDKROOT = iphoneos;
				VALIDATE_PRODUCT = YES;
			};
			name = Release;
		};
		58B511F01A9E6C8500147676 /* Debug */ = {
			isa = XCBuildConfiguration;
			buildSettings = {
				HEADER_SEARCH_PATHS = (
					"$(inherited)",
					/Applications/Xcode.app/Contents/Developer/Toolchains/XcodeDefault.xctoolchain/usr/include,
					"$(SRCROOT)/../../../React/**",
					"$(SRCROOT)/../../react-native/React/**",
				);
				LIBRARY_SEARCH_PATHS = "$(inherited)";
				OTHER_LDFLAGS = "-ObjC";
				PRODUCT_NAME = RNVisenzeBridge;
				SKIP_INSTALL = YES;
			};
			name = Debug;
		};
		58B511F11A9E6C8500147676 /* Release */ = {
			isa = XCBuildConfiguration;
			buildSettings = {
				HEADER_SEARCH_PATHS = (
					"$(inherited)",
					/Applications/Xcode.app/Contents/Developer/Toolchains/XcodeDefault.xctoolchain/usr/include,
					"$(SRCROOT)/../../../React/**",
					"$(SRCROOT)/../../react-native/React/**",
				);
				LIBRARY_SEARCH_PATHS = "$(inherited)";
				OTHER_LDFLAGS = "-ObjC";
				PRODUCT_NAME = RNVisenzeBridge;
				SKIP_INSTALL = YES;
			};
			name = Release;
		};
/* End XCBuildConfiguration section */

/* Begin XCConfigurationList section */
		58B511D61A9E6C8500147676 /* Build configuration list for PBXProject "RNVisenzeBridge" */ = {
			isa = XCConfigurationList;
			buildConfigurations = (
				58B511ED1A9E6C8500147676 /* Debug */,
				58B511EE1A9E6C8500147676 /* Release */,
			);
			defaultConfigurationIsVisible = 0;
			defaultConfigurationName = Release;
		};
		58B511EF1A9E6C8500147676 /* Build configuration list for PBXNativeTarget "RNVisenzeBridge" */ = {
			isa = XCConfigurationList;
			buildConfigurations = (
				58B511F01A9E6C8500147676 /* Debug */,
				58B511F11A9E6C8500147676 /* Release */,
			);
			defaultConfigurationIsVisible = 0;
			defaultConfigurationName = Release;
		};
/* End XCConfigurationList section */
	};
	rootObject = 58B511D31A9E6C8500147676 /* Project object */;
}
